{
  "version": 4,
  "terraform_version": "1.9.5",
  "serial": 86,
  "lineage": "d7682a4f-6049-5064-2d92-af177cf5aca7",
  "outputs": {
    "project_id": {
      "value": "prj-AmHNM18ZYbhY8ByF",
      "type": "string"
    },
    "variable_set_id": {
      "value": "varset-ftFohC54QtdDZ4mF",
      "type": "string"
    },
    "workspace_ids": {
      "value": [
        "ws-jEJudz5GnLmjv2Ho",
        "ws-8W7LntHEb3ADo9Cr",
        "ws-BbERDNc2trwfLFoE"
      ],
      "type": [
        "tuple",
        [
          "string",
          "string",
          "string"
        ]
      ]
    }
  },
  "resources": [
    {
      "module": "module.workspaces",
      "mode": "managed",
      "type": "tfe_workspace",
      "name": "workspaces",
      "provider": "provider[\"registry.terraform.io/hashicorp/tfe\"]",
      "instances": [
        {
          "index_key": "dev",
          "schema_version": 1,
          "attributes": {
            "agent_pool_id": "",
            "allow_destroy_plan": true,
            "assessments_enabled": false,
            "auto_apply": false,
            "auto_apply_run_trigger": false,
            "description": "",
            "execution_mode": "remote",
            "file_triggers_enabled": true,
            "force_delete": false,
            "global_remote_state": false,
            "html_url": "https://app.terraform.io/app/Assesment-Org-12-03/workspaces/dev",
            "id": "ws-jEJudz5GnLmjv2Ho",
            "name": "dev",
            "operations": true,
            "organization": "Assesment-Org-12-03",
            "project_id": "prj-AmHNM18ZYbhY8ByF",
            "queue_all_runs": true,
            "remote_state_consumer_ids": [],
            "resource_count": 0,
            "source_name": "",
            "source_url": "",
            "speculative_enabled": true,
            "ssh_key_id": "",
            "structured_run_output_enabled": true,
            "tag_names": [],
            "terraform_version": "1.10.1",
            "trigger_patterns": [],
            "trigger_prefixes": [],
            "vcs_repo": [
              {
                "branch": "main",
                "github_app_installation_id": "",
                "identifier": "Tiwaz9/Manage-TFC",
                "ingress_submodules": false,
                "oauth_token_id": "ot-B947L1kAVuZAkEaD",
                "tags_regex": ""
              }
            ],
            "working_directory": ""
          },
          "sensitive_attributes": [
            [
              {
                "type": "get_attr",
                "value": "vcs_repo"
              },
              {
                "type": "index",
                "value": {
                  "value": 0,
                  "type": "number"
                }
              },
              {
                "type": "get_attr",
                "value": "oauth_token_id"
              }
            ]
          ],
          "private": "eyJzY2hlbWFfdmVyc2lvbiI6IjEifQ=="
        },
        {
          "index_key": "prod",
          "schema_version": 1,
          "attributes": {
            "agent_pool_id": "",
            "allow_destroy_plan": true,
            "assessments_enabled": false,
            "auto_apply": false,
            "auto_apply_run_trigger": false,
            "description": "",
            "execution_mode": "remote",
            "file_triggers_enabled": true,
            "force_delete": false,
            "global_remote_state": false,
            "html_url": "https://app.terraform.io/app/Assesment-Org-12-03/workspaces/prod",
            "id": "ws-8W7LntHEb3ADo9Cr",
            "name": "prod",
            "operations": true,
            "organization": "Assesment-Org-12-03",
            "project_id": "prj-AmHNM18ZYbhY8ByF",
            "queue_all_runs": true,
            "remote_state_consumer_ids": [],
            "resource_count": 0,
            "source_name": "",
            "source_url": "",
            "speculative_enabled": true,
            "ssh_key_id": "",
            "structured_run_output_enabled": true,
            "tag_names": [],
            "terraform_version": "1.10.1",
            "trigger_patterns": [],
            "trigger_prefixes": [],
            "vcs_repo": [
              {
                "branch": "main",
                "github_app_installation_id": "",
                "identifier": "Tiwaz9/Manage-TFC",
                "ingress_submodules": false,
                "oauth_token_id": "ot-B947L1kAVuZAkEaD",
                "tags_regex": ""
              }
            ],
            "working_directory": ""
          },
          "sensitive_attributes": [
            [
              {
                "type": "get_attr",
                "value": "vcs_repo"
              },
              {
                "type": "index",
                "value": {
                  "value": 0,
                  "type": "number"
                }
              },
              {
                "type": "get_attr",
                "value": "oauth_token_id"
              }
            ]
          ],
          "private": "eyJzY2hlbWFfdmVyc2lvbiI6IjEifQ=="
        },
        {
          "index_key": "test",
          "schema_version": 1,
          "attributes": {
            "agent_pool_id": "",
            "allow_destroy_plan": true,
            "assessments_enabled": false,
            "auto_apply": false,
            "auto_apply_run_trigger": false,
            "description": "",
            "execution_mode": "remote",
            "file_triggers_enabled": true,
            "force_delete": false,
            "global_remote_state": false,
            "html_url": "https://app.terraform.io/app/Assesment-Org-12-03/workspaces/test",
            "id": "ws-BbERDNc2trwfLFoE",
            "name": "test",
            "operations": true,
            "organization": "Assesment-Org-12-03",
            "project_id": "prj-AmHNM18ZYbhY8ByF",
            "queue_all_runs": true,
            "remote_state_consumer_ids": [],
            "resource_count": 0,
            "source_name": "",
            "source_url": "",
            "speculative_enabled": true,
            "ssh_key_id": "",
            "structured_run_output_enabled": true,
            "tag_names": [],
            "terraform_version": "1.10.1",
            "trigger_patterns": [],
            "trigger_prefixes": [],
            "vcs_repo": [
              {
                "branch": "main",
                "github_app_installation_id": "",
                "identifier": "Tiwaz9/Manage-TFC",
                "ingress_submodules": false,
                "oauth_token_id": "ot-B947L1kAVuZAkEaD",
                "tags_regex": ""
              }
            ],
            "working_directory": ""
          },
          "sensitive_attributes": [
            [
              {
                "type": "get_attr",
                "value": "vcs_repo"
              },
              {
                "type": "index",
                "value": {
                  "value": 0,
                  "type": "number"
                }
              },
              {
                "type": "get_attr",
                "value": "oauth_token_id"
              }
            ]
          ],
          "private": "eyJzY2hlbWFfdmVyc2lvbiI6IjEifQ=="
        }
      ]
    }
  ],
  "check_results": null
}
